
Microsoft Visual Studio Solution File, Format Version 12.00
# Visual Studio 15
VisualStudioVersion = 15.0.28010.2048
MinimumVisualStudioVersion = 10.0.40219.1
Project("{FAE04EC0-301F-11D3-BF4B-00C04F79EFBC}") = "Cenas", "Cenas\Cenas.csproj", "{6E351BD5-7705-406D-9DAD-3C49F1BE1381}"
EndProject
Global
	GlobalSection(SolutionConfigurationPlatforms) = preSolution
		Debug|Any CPU = Debug|Any CPU
		Release|Any CPU = Release|Any CPU
	EndGlobalSection
	GlobalSection(ProjectConfigurationPlatforms) = postSolution
		{6E351BD5-7705-406D-9DAD-3C49F1BE1381}.Debug|Any CPU.ActiveCfg = Debug|Any CPU
		{6E351BD5-7705-406D-9DAD-3C49F1BE1381}.Debug|Any CPU.Build.0 = Debug|Any CPU
		{6E351BD5-7705-406D-9DAD-3C49F1BE1381}.Release|Any CPU.ActiveCfg = Release|Any CPU
		{6E351BD5-7705-406D-9DAD-3C49F1BE1381}.Release|Any CPU.Build.0 = Release|Any CPU
	EndGlobalSection
	GlobalSection(SolutionProperties) = preSolution
		HideSolutionNode = FALSE
	EndGlobalSection
	GlobalSection(ExtensibilityGlobals) = postSolution
		SolutionGuid = {C304D055-B3E6-4804-B5BF-2721A6F25CC9}
	EndGlobalSection
EndGlobal
